
Microsoft Visual Studio Solution File, Format Version 12.00
# Visual Studio Version 16
VisualStudioVersion = 16.0.31112.23
MinimumVisualStudioVersion = 10.0.40219.1
Project("{FAE04EC0-301F-11D3-BF4B-00C04F79EFBC}") = "Projekat_WPF", "Projekat_WPF.csproj", "{AECF2CE8-7B11-4258-8873-A2904D43C0EB}"
EndProject
Global
	GlobalSection(SolutionConfigurationPlatforms) = preSolution
		Debug|Any CPU = Debug|Any CPU
		Release|Any CPU = Release|Any CPU
	EndGlobalSection
	GlobalSection(ProjectConfigurationPlatforms) = postSolution
		{AECF2CE8-7B11-4258-8873-A2904D43C0EB}.Debug|Any CPU.ActiveCfg = Debug|Any CPU
		{AECF2CE8-7B11-4258-8873-A2904D43C0EB}.Debug|Any CPU.Build.0 = Debug|Any CPU
		{AECF2CE8-7B11-4258-8873-A2904D43C0EB}.Release|Any CPU.ActiveCfg = Release|Any CPU
		{AECF2CE8-7B11-4258-8873-A2904D43C0EB}.Release|Any CPU.Build.0 = Release|Any CPU
	EndGlobalSection
	GlobalSection(SolutionProperties) = preSolution
		HideSolutionNode = FALSE
	EndGlobalSection
	GlobalSection(ExtensibilityGlobals) = postSolution
		SolutionGuid = {068B2F8F-5C70-4FB9-B74D-FE50510E5476}
	EndGlobalSection
EndGlobal
